
Microsoft Visual Studio Solution File, Format Version 12.00
# Visual Studio Version 16
VisualStudioVersion = 16.0.29509.3
MinimumVisualStudioVersion = 10.0.40219.1
Project("{FAE04EC0-301F-11D3-BF4B-00C04F79EFBC}") = "WebserviceAutomation", "WebserviceAutomation.csproj", "{3839E0AD-9F88-4F63-AF95-8E867447F876}"
EndProject
Global
	GlobalSection(SolutionConfigurationPlatforms) = preSolution
		Debug|Any CPU = Debug|Any CPU
		PreQA|Any CPU = PreQA|Any CPU
		QA|Any CPU = QA|Any CPU
		Release|Any CPU = Release|Any CPU
	EndGlobalSection
	GlobalSection(ProjectConfigurationPlatforms) = postSolution
		{3839E0AD-9F88-4F63-AF95-8E867447F876}.Debug|Any CPU.ActiveCfg = Debug|Any CPU
		{3839E0AD-9F88-4F63-AF95-8E867447F876}.Debug|Any CPU.Build.0 = Debug|Any CPU
		{3839E0AD-9F88-4F63-AF95-8E867447F876}.PreQA|Any CPU.ActiveCfg = PreQA|Any CPU
		{3839E0AD-9F88-4F63-AF95-8E867447F876}.PreQA|Any CPU.Build.0 = PreQA|Any CPU
		{3839E0AD-9F88-4F63-AF95-8E867447F876}.QA|Any CPU.ActiveCfg = QA|Any CPU
		{3839E0AD-9F88-4F63-AF95-8E867447F876}.QA|Any CPU.Build.0 = QA|Any CPU
		{3839E0AD-9F88-4F63-AF95-8E867447F876}.Release|Any CPU.ActiveCfg = Release|Any CPU
		{3839E0AD-9F88-4F63-AF95-8E867447F876}.Release|Any CPU.Build.0 = Release|Any CPU
	EndGlobalSection
	GlobalSection(SolutionProperties) = preSolution
		HideSolutionNode = FALSE
	EndGlobalSection
	GlobalSection(ExtensibilityGlobals) = postSolution
		SolutionGuid = {D0700E6A-06FE-46CD-A993-9CF85E10AEAE}
	EndGlobalSection
EndGlobal
